{
  "lockfile-version": 0,
  "manifest": {
    "hook": {},
    "install": {
      "nodejs": {
        "pkg-path": "nodejs"
      }
    },
    "options": {
      "systems": [
        "aarch64-darwin"
      ]
    },
    "profile": {
      "common": "  # Autogenerated by Flox\n\n  # Install nodejs depedencies\n  npm install\n\n  # End autogenerated by Flox\n"
    },
    "registry": {
      "defaults": {
        "subtrees": null
      },
      "inputs": {
        "nixpkgs": {
          "from": {
            "owner": "NixOS",
            "ref": "release-23.11",
            "repo": "nixpkgs",
            "type": "github"
          },
          "subtrees": [
            "legacyPackages"
          ]
        }
      },
      "priority": [
        "nixpkgs"
      ]
    },
    "vars": {}
  },
  "packages": {
    "aarch64-darwin": {
      "nodejs": {
        "attr-path": [
          "legacyPackages",
          "aarch64-darwin",
          "nodejs"
        ],
        "info": {
          "broken": false,
          "description": "Event-driven I/O framework for the V8 JavaScript engine",
          "license": "MIT",
          "pname": "nodejs",
          "unfree": false,
          "version": "18.19.1"
        },
        "input": {
          "attrs": {
            "lastModified": 1714564312,
            "narHash": "sha256-+Pu+QmY5u33E+PMulmvLiyAgZDi2bgbV5LEtiVXa0c4=",
            "owner": "NixOS",
            "repo": "nixpkgs",
            "rev": "60f80cff5cc3185eba37a260a06399300dfdcffd",
            "type": "github"
          },
          "fingerprint": "43ac2c80e3c0a68fcbcb4789dfbe0d9ede6e79927ae34811f1686e98ff8fa595",
          "url": "github:NixOS/nixpkgs/60f80cff5cc3185eba37a260a06399300dfdcffd"
        },
        "priority": 5
      }
    }
  },
  "registry": {
    "defaults": {
      "subtrees": null
    },
    "inputs": {
      "nixpkgs": {
        "from": {
          "lastModified": 1714564312,
          "narHash": "sha256-+Pu+QmY5u33E+PMulmvLiyAgZDi2bgbV5LEtiVXa0c4=",
          "owner": "NixOS",
          "repo": "nixpkgs",
          "rev": "60f80cff5cc3185eba37a260a06399300dfdcffd",
          "type": "github"
        },
        "subtrees": [
          "legacyPackages"
        ]
      }
    },
    "priority": [
      "nixpkgs"
    ]
  }
}